// !$*UTF8*$!
{
	archiveVersion = 1;
	classes = {
	};
	objectVersion = 90;
	objects = {

/* Begin PBXBuildFile section */
		BB0962FC24B287F600D516D5 /* MuseEEGSensor.swift in Sources */ = {isa = PBXBuildFile; fileRef = BB0962FB24B287F600D516D5 /* MuseEEGSensor.swift */; };
		BB1E24B824AE921A00DEBD9E /* MuseBluetooth.swift in Sources */ = {isa = PBXBuildFile; fileRef = BB1E24B724AE921A00DEBD9E /* MuseBluetooth.swift */; };
		BB3166692E7D5D8E00FDA29D /* XvSensors.framework in Frameworks */ = {isa = PBXBuildFile; fileRef = BB3166672E7D5D8900FDA29D /* XvSensors.framework */; platformFilter = ios; };
		BB419823253E1150003A7375 /* PeakDetector.swift in Sources */ = {isa = PBXBuildFile; fileRef = BB419822253E1150003A7375 /* PeakDetector.swift */; };
		BB42285C2E8544BB001E6DB9 /* MockEEGCodingData.swift in Sources */ = {isa = PBXBuildFile; fileRef = BB42285B2E8544B5001E6DB9 /* MockEEGCodingData.swift */; };
		BB42285F2E8544D0001E6DB9 /* MockPPGCodingData.swift in Sources */ = {isa = PBXBuildFile; fileRef = BB42285E2E8544CB001E6DB9 /* MockPPGCodingData.swift */; };
		BB4228612E854501001E6DB9 /* MockPPGReadingNewsData.swift in Sources */ = {isa = PBXBuildFile; fileRef = BB4228602E8544FA001E6DB9 /* MockPPGReadingNewsData.swift */; };
		BB4228632E854510001E6DB9 /* MockEEGReadingNewsData.swift in Sources */ = {isa = PBXBuildFile; fileRef = BB4228622E85450B001E6DB9 /* MockEEGReadingNewsData.swift */; };
		BB4228652E854557001E6DB9 /* MockEEGRestingFocusData.swift in Sources */ = {isa = PBXBuildFile; fileRef = BB4228642E85454F001E6DB9 /* MockEEGRestingFocusData.swift */; };
		BB4228682E85457D001E6DB9 /* MockPPGRestingFocusData.swift in Sources */ = {isa = PBXBuildFile; fileRef = BB4228672E854576001E6DB9 /* MockPPGRestingFocusData.swift */; };
		BB42286A2E8545EA001E6DB9 /* MockEEGTypingEmailData.swift in Sources */ = {isa = PBXBuildFile; fileRef = BB4228692E8545E4001E6DB9 /* MockEEGTypingEmailData.swift */; };
		BB42286C2E8545FC001E6DB9 /* MockPPGTypingEmailData.swift in Sources */ = {isa = PBXBuildFile; fileRef = BB42286B2E8545F5001E6DB9 /* MockPPGTypingEmailData.swift */; };
		BB42286E2E854647001E6DB9 /* MockEEGSocialMediaData.swift in Sources */ = {isa = PBXBuildFile; fileRef = BB42286D2E85463D001E6DB9 /* MockEEGSocialMediaData.swift */; };
		BB4228702E854657001E6DB9 /* MockPPGSocialMediaData.swift in Sources */ = {isa = PBXBuildFile; fileRef = BB42286F2E85464F001E6DB9 /* MockPPGSocialMediaData.swift */; };
		BB4228742E85469C001E6DB9 /* MockEEGLooseFitData.swift in Sources */ = {isa = PBXBuildFile; fileRef = BB4228732E854697001E6DB9 /* MockEEGLooseFitData.swift */; };
		BB4228762E8546B1001E6DB9 /* MockPPGLooseFitData.swift in Sources */ = {isa = PBXBuildFile; fileRef = BB4228752E8546A8001E6DB9 /* MockPPGLooseFitData.swift */; };
		BB4228782E854713001E6DB9 /* MockEEGBlinksData.swift in Sources */ = {isa = PBXBuildFile; fileRef = BB4228772E854706001E6DB9 /* MockEEGBlinksData.swift */; };
		BB42287B2E85472A001E6DB9 /* MockPPGBlinksData.swift in Sources */ = {isa = PBXBuildFile; fileRef = BB42287A2E854722001E6DB9 /* MockPPGBlinksData.swift */; };
		BB42287E2E8547CB001E6DB9 /* MockEEGForeheadData.swift in Sources */ = {isa = PBXBuildFile; fileRef = BB42287D2E8547C5001E6DB9 /* MockEEGForeheadData.swift */; };
		BB4228802E8547E2001E6DB9 /* MockPPGForeheadData.swift in Sources */ = {isa = PBXBuildFile; fileRef = BB42287F2E8547DC001E6DB9 /* MockPPGForeheadData.swift */; };
		BB4228822E854825001E6DB9 /* MockEEGJawData.swift in Sources */ = {isa = PBXBuildFile; fileRef = BB4228812E854820001E6DB9 /* MockEEGJawData.swift */; };
		BB4228842E854831001E6DB9 /* MockPPGJawData.swift in Sources */ = {isa = PBXBuildFile; fileRef = BB4228832E85482C001E6DB9 /* MockPPGJawData.swift */; };
		BB43B3FB24CCFA5600E6D3D3 /* MusePPG.swift in Sources */ = {isa = PBXBuildFile; fileRef = BB43B3FA24CCFA5600E6D3D3 /* MusePPG.swift */; };
		BB43B3FD24CCFA8E00E6D3D3 /* MusePPGSensor.swift in Sources */ = {isa = PBXBuildFile; fileRef = BB43B3FC24CCFA8E00E6D3D3 /* MusePPGSensor.swift */; };
		BB4DB0E32783A48C009E6BFF /* MockPPGStressData.swift in Sources */ = {isa = PBXBuildFile; fileRef = BB4DB0E22783A48C009E6BFF /* MockPPGStressData.swift */; };
		BB553BA6253A56F7009E1278 /* SignalProcessor.swift in Sources */ = {isa = PBXBuildFile; fileRef = BB553BA5253A56F7009E1278 /* SignalProcessor.swift */; };
		BB57F88D2496B01C003DB78A /* XvMuse.h in Headers */ = {isa = PBXBuildFile; fileRef = BB57F88B2496B01C003DB78A /* XvMuse.h */; settings = {ATTRIBUTES = (Public, ); }; };
		BB57F8962496B05F003DB78A /* XvMuse.swift in Sources */ = {isa = PBXBuildFile; fileRef = BB57F8952496B05F003DB78A /* XvMuse.swift */; };
		BB57F8A12496B268003DB78A /* MuseConstants.swift in Sources */ = {isa = PBXBuildFile; fileRef = BB57F8A02496B268003DB78A /* MuseConstants.swift */; };
		BB65FEE7283E7FEE00C4F4D8 /* MockPPGNoiseData.swift in Sources */ = {isa = PBXBuildFile; fileRef = BB65FEE6283E7FEE00C4F4D8 /* MockPPGNoiseData.swift */; };
		BB65FEE9283E80A400C4F4D8 /* MockEEGNoiseData.swift in Sources */ = {isa = PBXBuildFile; fileRef = BB65FEE8283E80A400C4F4D8 /* MockEEGNoiseData.swift */; };
		BB65FEEB283EC8EC00C4F4D8 /* MockPPGMeditationData.swift in Sources */ = {isa = PBXBuildFile; fileRef = BB65FEEA283EC8EC00C4F4D8 /* MockPPGMeditationData.swift */; };
		BB65FEED283EC93400C4F4D8 /* MockEEGMeditationData.swift in Sources */ = {isa = PBXBuildFile; fileRef = BB65FEEC283EC93400C4F4D8 /* MockEEGMeditationData.swift */; };
		BB7741DE24CA1BCF004B8AE5 /* Bytes.swift in Sources */ = {isa = PBXBuildFile; fileRef = BB7741DD24CA1BCF004B8AE5 /* Bytes.swift */; };
		BB7741E024CA1CF3004B8AE5 /* Number.swift in Sources */ = {isa = PBXBuildFile; fileRef = BB7741DF24CA1CF3004B8AE5 /* Number.swift */; };
		BB7741E224CA1F27004B8AE5 /* JSON.swift in Sources */ = {isa = PBXBuildFile; fileRef = BB7741E124CA1F27004B8AE5 /* JSON.swift */; };
		BB7741E424CA1FF0004B8AE5 /* XvBluetooth.swift in Sources */ = {isa = PBXBuildFile; fileRef = BB7741E324CA1FF0004B8AE5 /* XvBluetooth.swift */; };
		BB7741E724CA202B004B8AE5 /* BluetoothConstants.swift in Sources */ = {isa = PBXBuildFile; fileRef = BB7741E624CA202B004B8AE5 /* BluetoothConstants.swift */; };
		BB7741E924CA2066004B8AE5 /* BluetoothListener.swift in Sources */ = {isa = PBXBuildFile; fileRef = BB7741E824CA2066004B8AE5 /* BluetoothListener.swift */; };
		BB7741EB24CA2087004B8AE5 /* BluetoothUtils.swift in Sources */ = {isa = PBXBuildFile; fileRef = BB7741EA24CA2087004B8AE5 /* BluetoothUtils.swift */; };
		BB8B856D24B0E81700376FD4 /* FFTManager.swift in Sources */ = {isa = PBXBuildFile; fileRef = BB8B856C24B0E81700376FD4 /* FFTManager.swift */; };
		BB8B857324B0EDF000376FD4 /* Buffer.swift in Sources */ = {isa = PBXBuildFile; fileRef = BB8B857224B0EDF000376FD4 /* Buffer.swift */; };
		BB8B857524B0F98200376FD4 /* EpochGenerator.swift in Sources */ = {isa = PBXBuildFile; fileRef = BB8B857424B0F98200376FD4 /* EpochGenerator.swift */; };
		BB8B857724B100E400376FD4 /* FFT.swift in Sources */ = {isa = PBXBuildFile; fileRef = BB8B857624B100E400376FD4 /* FFT.swift */; };
		BB8B857924B118E200376FD4 /* MuseEEG.swift in Sources */ = {isa = PBXBuildFile; fileRef = BB8B857824B118E200376FD4 /* MuseEEG.swift */; };
		BB8B857B24B12CFF00376FD4 /* FrequencyManager.swift in Sources */ = {isa = PBXBuildFile; fileRef = BB8B857A24B12CFF00376FD4 /* FrequencyManager.swift */; };
		BB99B22A24CF0AA4007346A4 /* PPGAnalyzer.swift in Sources */ = {isa = PBXBuildFile; fileRef = BB99B22924CF0AA4007346A4 /* PPGAnalyzer.swift */; };
		BB9FEF4626371290004F48B6 /* MockEEGStressData.swift in Sources */ = {isa = PBXBuildFile; fileRef = BB9FEF4526371290004F48B6 /* MockEEGStressData.swift */; };
		BBA6C01A24CDF29700966159 /* DCT.swift in Sources */ = {isa = PBXBuildFile; fileRef = BBA6C01924CDF29700966159 /* DCT.swift */; };
		BBAA8F0B2499086600DE3691 /* Parser.swift in Sources */ = {isa = PBXBuildFile; fileRef = BBAA8F0A2499086600DE3691 /* Parser.swift */; };
		BBCDE4FC281C9DF5001B67E7 /* MockEEGTiredData.swift in Sources */ = {isa = PBXBuildFile; fileRef = BBCDE4FB281C9DF5001B67E7 /* MockEEGTiredData.swift */; };
		BBCDE4FE281CA48F001B67E7 /* MockPPGTiredData.swift in Sources */ = {isa = PBXBuildFile; fileRef = BBCDE4FD281CA48F001B67E7 /* MockPPGTiredData.swift */; };
		BBCDE500281CA8A4001B67E7 /* MockPPGData.swift in Sources */ = {isa = PBXBuildFile; fileRef = BBCDE4FF281CA8A4001B67E7 /* MockPPGData.swift */; };
		BBCDE502281CAC31001B67E7 /* MockEEGData.swift in Sources */ = {isa = PBXBuildFile; fileRef = BBCDE501281CAC31001B67E7 /* MockEEGData.swift */; };
		BBD741612857789500857B78 /* MockEEGGammaBurstsData.swift in Sources */ = {isa = PBXBuildFile; fileRef = BBD741602857789500857B78 /* MockEEGGammaBurstsData.swift */; };
		BBEFB4E32E834077005AEC3B /* MockEEGSleepingData.swift in Sources */ = {isa = PBXBuildFile; fileRef = BBEFB4E22E83406B005AEC3B /* MockEEGSleepingData.swift */; };
		BBEFB4E52E834139005AEC3B /* MockPPGSleepingData.swift in Sources */ = {isa = PBXBuildFile; fileRef = BBEFB4E42E834134005AEC3B /* MockPPGSleepingData.swift */; };
		BBEFB4E72E8344C7005AEC3B /* MockEEGFallingAsleepData.swift in Sources */ = {isa = PBXBuildFile; fileRef = BBEFB4E62E8344BA005AEC3B /* MockEEGFallingAsleepData.swift */; };
		BBEFB4E92E834502005AEC3B /* MockPPGFallingAsleepData.swift in Sources */ = {isa = PBXBuildFile; fileRef = BBEFB4E82E8344FA005AEC3B /* MockPPGFallingAsleepData.swift */; };
		BBEFB4FD2E853F7C005AEC3B /* MockEEGClearMindData.swift in Sources */ = {isa = PBXBuildFile; fileRef = BBEFB4FC2E853F75005AEC3B /* MockEEGClearMindData.swift */; };
		BBEFB5002E853FD5005AEC3B /* MockPPGClearMindData.swift in Sources */ = {isa = PBXBuildFile; fileRef = BBEFB4FF2E853FCF005AEC3B /* MockPPGClearMindData.swift */; };
		BBEFB5022E854085005AEC3B /* MockEEGHoldingBreathData.swift in Sources */ = {isa = PBXBuildFile; fileRef = BBEFB5012E85407E005AEC3B /* MockEEGHoldingBreathData.swift */; };
		BBEFB5042E8540A1005AEC3B /* MockPPGHoldingBreathData.swift in Sources */ = {isa = PBXBuildFile; fileRef = BBEFB5032E85409A005AEC3B /* MockPPGHoldingBreathData.swift */; };
		BBEFB5062E8540BD005AEC3B /* MocEEGEyesClosedData.swift in Sources */ = {isa = PBXBuildFile; fileRef = BBEFB5052E8540B7005AEC3B /* MocEEGEyesClosedData.swift */; };
		BBEFB5082E8540CA005AEC3B /* MockPPGEyesClosedData.swift in Sources */ = {isa = PBXBuildFile; fileRef = BBEFB5072E8540C4005AEC3B /* MockPPGEyesClosedData.swift */; };
		BBEFB50C2E85416C005AEC3B /* MockEEGArousalData.swift in Sources */ = {isa = PBXBuildFile; fileRef = BBEFB50B2E854167005AEC3B /* MockEEGArousalData.swift */; };
		BBEFB50E2E85417C005AEC3B /* MockPPGArousalData.swift in Sources */ = {isa = PBXBuildFile; fileRef = BBEFB50D2E854177005AEC3B /* MockPPGArousalData.swift */; };
		BBEFB5102E8541C4005AEC3B /* MockPPGCoffeeData.swift in Sources */ = {isa = PBXBuildFile; fileRef = BBEFB50F2E8541BF005AEC3B /* MockPPGCoffeeData.swift */; };
		BBEFB5122E854291005AEC3B /* MockEEGCoffeeData.swift in Sources */ = {isa = PBXBuildFile; fileRef = BBEFB5112E85428C005AEC3B /* MockEEGCoffeeData.swift */; };
/* End PBXBuildFile section */

/* Begin PBXFileReference section */
		BB0962FB24B287F600D516D5 /* MuseEEGSensor.swift */ = {isa = PBXFileReference; lastKnownFileType = sourcecode.swift; path = MuseEEGSensor.swift; sourceTree = "<group>"; };
		BB1E24B724AE921A00DEBD9E /* MuseBluetooth.swift */ = {isa = PBXFileReference; lastKnownFileType = sourcecode.swift; path = MuseBluetooth.swift; sourceTree = "<group>"; };
		BB3166672E7D5D8900FDA29D /* XvSensors.framework */ = {isa = PBXFileReference; lastKnownFileType = wrapper.framework; path = XvSensors.framework; sourceTree = "<group>"; };
		BB419822253E1150003A7375 /* PeakDetector.swift */ = {isa = PBXFileReference; lastKnownFileType = sourcecode.swift; path = PeakDetector.swift; sourceTree = "<group>"; };
		BB42285B2E8544B5001E6DB9 /* MockEEGCodingData.swift */ = {isa = PBXFileReference; lastKnownFileType = sourcecode.swift; path = MockEEGCodingData.swift; sourceTree = "<group>"; };
		BB42285E2E8544CB001E6DB9 /* MockPPGCodingData.swift */ = {isa = PBXFileReference; lastKnownFileType = sourcecode.swift; path = MockPPGCodingData.swift; sourceTree = "<group>"; };
		BB4228602E8544FA001E6DB9 /* MockPPGReadingNewsData.swift */ = {isa = PBXFileReference; lastKnownFileType = sourcecode.swift; path = MockPPGReadingNewsData.swift; sourceTree = "<group>"; };
		BB4228622E85450B001E6DB9 /* MockEEGReadingNewsData.swift */ = {isa = PBXFileReference; lastKnownFileType = sourcecode.swift; path = MockEEGReadingNewsData.swift; sourceTree = "<group>"; };
		BB4228642E85454F001E6DB9 /* MockEEGRestingFocusData.swift */ = {isa = PBXFileReference; lastKnownFileType = sourcecode.swift; path = MockEEGRestingFocusData.swift; sourceTree = "<group>"; };
		BB4228672E854576001E6DB9 /* MockPPGRestingFocusData.swift */ = {isa = PBXFileReference; lastKnownFileType = sourcecode.swift; path = MockPPGRestingFocusData.swift; sourceTree = "<group>"; };
		BB4228692E8545E4001E6DB9 /* MockEEGTypingEmailData.swift */ = {isa = PBXFileReference; lastKnownFileType = sourcecode.swift; path = MockEEGTypingEmailData.swift; sourceTree = "<group>"; };
		BB42286B2E8545F5001E6DB9 /* MockPPGTypingEmailData.swift */ = {isa = PBXFileReference; lastKnownFileType = sourcecode.swift; path = MockPPGTypingEmailData.swift; sourceTree = "<group>"; };
		BB42286D2E85463D001E6DB9 /* MockEEGSocialMediaData.swift */ = {isa = PBXFileReference; lastKnownFileType = sourcecode.swift; path = MockEEGSocialMediaData.swift; sourceTree = "<group>"; };
		BB42286F2E85464F001E6DB9 /* MockPPGSocialMediaData.swift */ = {isa = PBXFileReference; lastKnownFileType = sourcecode.swift; path = MockPPGSocialMediaData.swift; sourceTree = "<group>"; };
		BB4228732E854697001E6DB9 /* MockEEGLooseFitData.swift */ = {isa = PBXFileReference; lastKnownFileType = sourcecode.swift; path = MockEEGLooseFitData.swift; sourceTree = "<group>"; };
		BB4228752E8546A8001E6DB9 /* MockPPGLooseFitData.swift */ = {isa = PBXFileReference; lastKnownFileType = sourcecode.swift; path = MockPPGLooseFitData.swift; sourceTree = "<group>"; };
		BB4228772E854706001E6DB9 /* MockEEGBlinksData.swift */ = {isa = PBXFileReference; lastKnownFileType = sourcecode.swift; path = MockEEGBlinksData.swift; sourceTree = "<group>"; };
		BB42287A2E854722001E6DB9 /* MockPPGBlinksData.swift */ = {isa = PBXFileReference; lastKnownFileType = sourcecode.swift; path = MockPPGBlinksData.swift; sourceTree = "<group>"; };
		BB42287D2E8547C5001E6DB9 /* MockEEGForeheadData.swift */ = {isa = PBXFileReference; lastKnownFileType = sourcecode.swift; path = MockEEGForeheadData.swift; sourceTree = "<group>"; };
		BB42287F2E8547DC001E6DB9 /* MockPPGForeheadData.swift */ = {isa = PBXFileReference; lastKnownFileType = sourcecode.swift; path = MockPPGForeheadData.swift; sourceTree = "<group>"; };
		BB4228812E854820001E6DB9 /* MockEEGJawData.swift */ = {isa = PBXFileReference; lastKnownFileType = sourcecode.swift; path = MockEEGJawData.swift; sourceTree = "<group>"; };
		BB4228832E85482C001E6DB9 /* MockPPGJawData.swift */ = {isa = PBXFileReference; lastKnownFileType = sourcecode.swift; path = MockPPGJawData.swift; sourceTree = "<group>"; };
		BB43B3FA24CCFA5600E6D3D3 /* MusePPG.swift */ = {isa = PBXFileReference; lastKnownFileType = sourcecode.swift; path = MusePPG.swift; sourceTree = "<group>"; };
		BB43B3FC24CCFA8E00E6D3D3 /* MusePPGSensor.swift */ = {isa = PBXFileReference; lastKnownFileType = sourcecode.swift; path = MusePPGSensor.swift; sourceTree = "<group>"; };
		BB4DB0E22783A48C009E6BFF /* MockPPGStressData.swift */ = {isa = PBXFileReference; lastKnownFileType = sourcecode.swift; path = MockPPGStressData.swift; sourceTree = "<group>"; };
		BB553BA5253A56F7009E1278 /* SignalProcessor.swift */ = {isa = PBXFileReference; lastKnownFileType = sourcecode.swift; path = SignalProcessor.swift; sourceTree = "<group>"; };
		BB57F8882496B01B003DB78A /* XvMuse.framework */ = {isa = PBXFileReference; explicitFileType = wrapper.framework; includeInIndex = 0; path = XvMuse.framework; sourceTree = BUILT_PRODUCTS_DIR; };
		BB57F88B2496B01C003DB78A /* XvMuse.h */ = {isa = PBXFileReference; lastKnownFileType = sourcecode.c.h; path = XvMuse.h; sourceTree = "<group>"; };
		BB57F88C2496B01C003DB78A /* Info.plist */ = {isa = PBXFileReference; lastKnownFileType = text.plist.xml; path = Info.plist; sourceTree = "<group>"; };
		BB57F8952496B05F003DB78A /* XvMuse.swift */ = {isa = PBXFileReference; lastKnownFileType = sourcecode.swift; path = XvMuse.swift; sourceTree = "<group>"; };
		BB57F8A02496B268003DB78A /* MuseConstants.swift */ = {isa = PBXFileReference; lastKnownFileType = sourcecode.swift; path = MuseConstants.swift; sourceTree = "<group>"; };
		BB65FEE6283E7FEE00C4F4D8 /* MockPPGNoiseData.swift */ = {isa = PBXFileReference; lastKnownFileType = sourcecode.swift; path = MockPPGNoiseData.swift; sourceTree = "<group>"; };
		BB65FEE8283E80A400C4F4D8 /* MockEEGNoiseData.swift */ = {isa = PBXFileReference; lastKnownFileType = sourcecode.swift; path = MockEEGNoiseData.swift; sourceTree = "<group>"; };
		BB65FEEA283EC8EC00C4F4D8 /* MockPPGMeditationData.swift */ = {isa = PBXFileReference; lastKnownFileType = sourcecode.swift; path = MockPPGMeditationData.swift; sourceTree = "<group>"; };
		BB65FEEC283EC93400C4F4D8 /* MockEEGMeditationData.swift */ = {isa = PBXFileReference; lastKnownFileType = sourcecode.swift; path = MockEEGMeditationData.swift; sourceTree = "<group>"; };
		BB7741DD24CA1BCF004B8AE5 /* Bytes.swift */ = {isa = PBXFileReference; lastKnownFileType = sourcecode.swift; path = Bytes.swift; sourceTree = "<group>"; };
		BB7741DF24CA1CF3004B8AE5 /* Number.swift */ = {isa = PBXFileReference; lastKnownFileType = sourcecode.swift; path = Number.swift; sourceTree = "<group>"; };
		BB7741E124CA1F27004B8AE5 /* JSON.swift */ = {isa = PBXFileReference; lastKnownFileType = sourcecode.swift; path = JSON.swift; sourceTree = "<group>"; };
		BB7741E324CA1FF0004B8AE5 /* XvBluetooth.swift */ = {isa = PBXFileReference; lastKnownFileType = sourcecode.swift; path = XvBluetooth.swift; sourceTree = "<group>"; };
		BB7741E624CA202B004B8AE5 /* BluetoothConstants.swift */ = {isa = PBXFileReference; lastKnownFileType = sourcecode.swift; path = BluetoothConstants.swift; sourceTree = "<group>"; };
		BB7741E824CA2066004B8AE5 /* BluetoothListener.swift */ = {isa = PBXFileReference; lastKnownFileType = sourcecode.swift; path = BluetoothListener.swift; sourceTree = "<group>"; };
		BB7741EA24CA2087004B8AE5 /* BluetoothUtils.swift */ = {isa = PBXFileReference; lastKnownFileType = sourcecode.swift; path = BluetoothUtils.swift; sourceTree = "<group>"; };
		BB8B856C24B0E81700376FD4 /* FFTManager.swift */ = {isa = PBXFileReference; lastKnownFileType = sourcecode.swift; path = FFTManager.swift; sourceTree = "<group>"; };
		BB8B857224B0EDF000376FD4 /* Buffer.swift */ = {isa = PBXFileReference; lastKnownFileType = sourcecode.swift; path = Buffer.swift; sourceTree = "<group>"; };
		BB8B857424B0F98200376FD4 /* EpochGenerator.swift */ = {isa = PBXFileReference; lastKnownFileType = sourcecode.swift; path = EpochGenerator.swift; sourceTree = "<group>"; };
		BB8B857624B100E400376FD4 /* FFT.swift */ = {isa = PBXFileReference; lastKnownFileType = sourcecode.swift; path = FFT.swift; sourceTree = "<group>"; };
		BB8B857824B118E200376FD4 /* MuseEEG.swift */ = {isa = PBXFileReference; lastKnownFileType = sourcecode.swift; path = MuseEEG.swift; sourceTree = "<group>"; };
		BB8B857A24B12CFF00376FD4 /* FrequencyManager.swift */ = {isa = PBXFileReference; lastKnownFileType = sourcecode.swift; path = FrequencyManager.swift; sourceTree = "<group>"; };
		BB99B22924CF0AA4007346A4 /* PPGAnalyzer.swift */ = {isa = PBXFileReference; lastKnownFileType = sourcecode.swift; path = PPGAnalyzer.swift; sourceTree = "<group>"; };
		BB9FEF4526371290004F48B6 /* MockEEGStressData.swift */ = {isa = PBXFileReference; lastKnownFileType = sourcecode.swift; path = MockEEGStressData.swift; sourceTree = "<group>"; };
		BBA6C01924CDF29700966159 /* DCT.swift */ = {isa = PBXFileReference; lastKnownFileType = sourcecode.swift; path = DCT.swift; sourceTree = "<group>"; };
		BBAA8F0A2499086600DE3691 /* Parser.swift */ = {isa = PBXFileReference; lastKnownFileType = sourcecode.swift; path = Parser.swift; sourceTree = "<group>"; };
		BBCDE4FB281C9DF5001B67E7 /* MockEEGTiredData.swift */ = {isa = PBXFileReference; lastKnownFileType = sourcecode.swift; path = MockEEGTiredData.swift; sourceTree = "<group>"; };
		BBCDE4FD281CA48F001B67E7 /* MockPPGTiredData.swift */ = {isa = PBXFileReference; lastKnownFileType = sourcecode.swift; path = MockPPGTiredData.swift; sourceTree = "<group>"; };
		BBCDE4FF281CA8A4001B67E7 /* MockPPGData.swift */ = {isa = PBXFileReference; lastKnownFileType = sourcecode.swift; path = MockPPGData.swift; sourceTree = "<group>"; };
		BBCDE501281CAC31001B67E7 /* MockEEGData.swift */ = {isa = PBXFileReference; lastKnownFileType = sourcecode.swift; path = MockEEGData.swift; sourceTree = "<group>"; };
		BBD741602857789500857B78 /* MockEEGGammaBurstsData.swift */ = {isa = PBXFileReference; lastKnownFileType = sourcecode.swift; path = MockEEGGammaBurstsData.swift; sourceTree = "<group>"; };
		BBEFB4E22E83406B005AEC3B /* MockEEGSleepingData.swift */ = {isa = PBXFileReference; lastKnownFileType = sourcecode.swift; path = MockEEGSleepingData.swift; sourceTree = "<group>"; };
		BBEFB4E42E834134005AEC3B /* MockPPGSleepingData.swift */ = {isa = PBXFileReference; lastKnownFileType = sourcecode.swift; path = MockPPGSleepingData.swift; sourceTree = "<group>"; };
		BBEFB4E62E8344BA005AEC3B /* MockEEGFallingAsleepData.swift */ = {isa = PBXFileReference; lastKnownFileType = sourcecode.swift; path = MockEEGFallingAsleepData.swift; sourceTree = "<group>"; };
		BBEFB4E82E8344FA005AEC3B /* MockPPGFallingAsleepData.swift */ = {isa = PBXFileReference; lastKnownFileType = sourcecode.swift; path = MockPPGFallingAsleepData.swift; sourceTree = "<group>"; };
		BBEFB4FC2E853F75005AEC3B /* MockEEGClearMindData.swift */ = {isa = PBXFileReference; lastKnownFileType = sourcecode.swift; path = MockEEGClearMindData.swift; sourceTree = "<group>"; };
		BBEFB4FF2E853FCF005AEC3B /* MockPPGClearMindData.swift */ = {isa = PBXFileReference; lastKnownFileType = sourcecode.swift; path = MockPPGClearMindData.swift; sourceTree = "<group>"; };
		BBEFB5012E85407E005AEC3B /* MockEEGHoldingBreathData.swift */ = {isa = PBXFileReference; lastKnownFileType = sourcecode.swift; path = MockEEGHoldingBreathData.swift; sourceTree = "<group>"; };
		BBEFB5032E85409A005AEC3B /* MockPPGHoldingBreathData.swift */ = {isa = PBXFileReference; lastKnownFileType = sourcecode.swift; path = MockPPGHoldingBreathData.swift; sourceTree = "<group>"; };
		BBEFB5052E8540B7005AEC3B /* MocEEGEyesClosedData.swift */ = {isa = PBXFileReference; lastKnownFileType = sourcecode.swift; path = MocEEGEyesClosedData.swift; sourceTree = "<group>"; };
		BBEFB5072E8540C4005AEC3B /* MockPPGEyesClosedData.swift */ = {isa = PBXFileReference; lastKnownFileType = sourcecode.swift; path = MockPPGEyesClosedData.swift; sourceTree = "<group>"; };
		BBEFB50B2E854167005AEC3B /* MockEEGArousalData.swift */ = {isa = PBXFileReference; lastKnownFileType = sourcecode.swift; path = MockEEGArousalData.swift; sourceTree = "<group>"; };
		BBEFB50D2E854177005AEC3B /* MockPPGArousalData.swift */ = {isa = PBXFileReference; lastKnownFileType = sourcecode.swift; path = MockPPGArousalData.swift; sourceTree = "<group>"; };
		BBEFB50F2E8541BF005AEC3B /* MockPPGCoffeeData.swift */ = {isa = PBXFileReference; lastKnownFileType = sourcecode.swift; path = MockPPGCoffeeData.swift; sourceTree = "<group>"; };
		BBEFB5112E85428C005AEC3B /* MockEEGCoffeeData.swift */ = {isa = PBXFileReference; lastKnownFileType = sourcecode.swift; path = MockEEGCoffeeData.swift; sourceTree = "<group>"; };
/* End PBXFileReference section */

/* Begin PBXFrameworksBuildPhase section */
		BB57F8852496B01B003DB78A /* Frameworks */ = {
			isa = PBXFrameworksBuildPhase;
			files = (
				BB3166692E7D5D8E00FDA29D /* XvSensors.framework in Frameworks */,
			);
		};
/* End PBXFrameworksBuildPhase section */

/* Begin PBXGroup section */
		BB14EE5428AE875300B2A14D /* Mock Data */ = {
			isa = PBXGroup;
			children = (
				BBCDE4FF281CA8A4001B67E7 /* MockPPGData.swift */,
				BB42287C2E8547AC001E6DB9 /* Tension */,
				BB4228722E854677001E6DB9 /* Noise */,
				BB4228662E85456E001E6DB9 /* Focus */,
				BBEFB50A2E85414A005AEC3B /* Arousal */,
				BBEFB4FE2E853FC7005AEC3B /* Rest */,
			);
			path = "Mock Data";
			sourceTree = "<group>";
		};
		BB14EEB028B1A08900B2A14D /* Frameworks */ = {
			isa = PBXGroup;
			children = (
			);
			name = Frameworks;
			sourceTree = "<group>";
		};
		BB348905278545F200E6685C /* Archive */ = {
			isa = PBXGroup;
			children = (
				BB419822253E1150003A7375 /* PeakDetector.swift */,
				BBA6C01924CDF29700966159 /* DCT.swift */,
			);
			path = Archive;
			sourceTree = "<group>";
		};
		BB42285D2E8544C3001E6DB9 /* Focus */ = {
			isa = PBXGroup;
			children = (
				BB4228642E85454F001E6DB9 /* MockEEGRestingFocusData.swift */,
				BB42286D2E85463D001E6DB9 /* MockEEGSocialMediaData.swift */,
				BB4228622E85450B001E6DB9 /* MockEEGReadingNewsData.swift */,
				BB4228692E8545E4001E6DB9 /* MockEEGTypingEmailData.swift */,
				BB42285B2E8544B5001E6DB9 /* MockEEGCodingData.swift */,
			);
			path = Focus;
			sourceTree = "<group>";
		};
		BB4228662E85456E001E6DB9 /* Focus */ = {
			isa = PBXGroup;
			children = (
				BB4228672E854576001E6DB9 /* MockPPGRestingFocusData.swift */,
				BB42286F2E85464F001E6DB9 /* MockPPGSocialMediaData.swift */,
				BB4228602E8544FA001E6DB9 /* MockPPGReadingNewsData.swift */,
				BB42286B2E8545F5001E6DB9 /* MockPPGTypingEmailData.swift */,
				BB42285E2E8544CB001E6DB9 /* MockPPGCodingData.swift */,
			);
			path = Focus;
			sourceTree = "<group>";
		};
		BB4228712E854670001E6DB9 /* Noise */ = {
			isa = PBXGroup;
			children = (
				BB65FEE8283E80A400C4F4D8 /* MockEEGNoiseData.swift */,
				BB4228732E854697001E6DB9 /* MockEEGLooseFitData.swift */,
			);
			path = Noise;
			sourceTree = "<group>";
		};
		BB4228722E854677001E6DB9 /* Noise */ = {
			isa = PBXGroup;
			children = (
				BB65FEE6283E7FEE00C4F4D8 /* MockPPGNoiseData.swift */,
				BB4228752E8546A8001E6DB9 /* MockPPGLooseFitData.swift */,
			);
			path = Noise;
			sourceTree = "<group>";
		};
		BB4228792E85471A001E6DB9 /* Tension */ = {
			isa = PBXGroup;
			children = (
				BB4228772E854706001E6DB9 /* MockEEGBlinksData.swift */,
				BB42287D2E8547C5001E6DB9 /* MockEEGForeheadData.swift */,
				BB4228812E854820001E6DB9 /* MockEEGJawData.swift */,
			);
			path = Tension;
			sourceTree = "<group>";
		};
		BB42287C2E8547AC001E6DB9 /* Tension */ = {
			isa = PBXGroup;
			children = (
				BB42287A2E854722001E6DB9 /* MockPPGBlinksData.swift */,
				BB42287F2E8547DC001E6DB9 /* MockPPGForeheadData.swift */,
				BB4228832E85482C001E6DB9 /* MockPPGJawData.swift */,
			);
			path = Tension;
			sourceTree = "<group>";
		};
		BB57F87E2496B01B003DB78A = {
			isa = PBXGroup;
			children = (
				BB3166672E7D5D8900FDA29D /* XvSensors.framework */,
				BB57F88A2496B01C003DB78A /* XvMuse */,
				BB14EEB028B1A08900B2A14D /* Frameworks */,
			);
			sourceTree = "<group>";
		};
		BB57F8892496B01B003DB78A /* Products */ = {
			isa = PBXGroup;
			children = (
				BB57F8882496B01B003DB78A /* XvMuse.framework */,
			);
			name = Products;
			path = ../..;
			sourceTree = "<group>";
		};
		BB57F88A2496B01C003DB78A /* XvMuse */ = {
			isa = PBXGroup;
			children = (
				BB57F8952496B05F003DB78A /* XvMuse.swift */,
				BB57F8A02496B268003DB78A /* MuseConstants.swift */,
				BB8B857824B118E200376FD4 /* MuseEEG.swift */,
				BB0962FB24B287F600D516D5 /* MuseEEGSensor.swift */,
				BB43B3FA24CCFA5600E6D3D3 /* MusePPG.swift */,
				BB43B3FC24CCFA8E00E6D3D3 /* MusePPGSensor.swift */,
				BB57F8942496B04B003DB78A /* Private */,
			);
			path = XvMuse;
			sourceTree = "<group>";
		};
		BB57F8932496B035003DB78A /* Basics */ = {
			isa = PBXGroup;
			children = (
				BB57F88B2496B01C003DB78A /* XvMuse.h */,
				BB57F88C2496B01C003DB78A /* Info.plist */,
			);
			path = Basics;
			sourceTree = "<group>";
		};
		BB57F8942496B04B003DB78A /* Private */ = {
			isa = PBXGroup;
			children = (
				BBAA8F0A2499086600DE3691 /* Parser.swift */,
				BB7741E524CA1FF9004B8AE5 /* Bluetooth */,
				BB8B857124B0E81E00376FD4 /* EEG */,
				BB99B22824CF0A93007346A4 /* PPG */,
				BB7741DC24CA1B78004B8AE5 /* Utils */,
				BB348905278545F200E6685C /* Archive */,
				BB57F8932496B035003DB78A /* Basics */,
				BB57F8892496B01B003DB78A /* Products */,
			);
			path = Private;
			sourceTree = "<group>";
		};
		BB7741DC24CA1B78004B8AE5 /* Utils */ = {
			isa = PBXGroup;
			children = (
				BB7741DD24CA1BCF004B8AE5 /* Bytes.swift */,
				BB7741DF24CA1CF3004B8AE5 /* Number.swift */,
				BB7741E124CA1F27004B8AE5 /* JSON.swift */,
				BB553BA5253A56F7009E1278 /* SignalProcessor.swift */,
			);
			path = Utils;
			sourceTree = "<group>";
		};
		BB7741E524CA1FF9004B8AE5 /* Bluetooth */ = {
			isa = PBXGroup;
			children = (
				BB1E24B724AE921A00DEBD9E /* MuseBluetooth.swift */,
				BB7741E324CA1FF0004B8AE5 /* XvBluetooth.swift */,
				BB7741E624CA202B004B8AE5 /* BluetoothConstants.swift */,
				BB7741E824CA2066004B8AE5 /* BluetoothListener.swift */,
				BB7741EA24CA2087004B8AE5 /* BluetoothUtils.swift */,
			);
			path = Bluetooth;
			sourceTree = "<group>";
		};
		BB8B857124B0E81E00376FD4 /* EEG */ = {
			isa = PBXGroup;
			children = (
				BB8B856C24B0E81700376FD4 /* FFTManager.swift */,
				BB8B857224B0EDF000376FD4 /* Buffer.swift */,
				BB8B857424B0F98200376FD4 /* EpochGenerator.swift */,
				BB8B857624B100E400376FD4 /* FFT.swift */,
				BB8B857A24B12CFF00376FD4 /* FrequencyManager.swift */,
				BBD7415F2857787F00857B78 /* Mock Data */,
			);
			path = EEG;
			sourceTree = "<group>";
		};
		BB99B22824CF0A93007346A4 /* PPG */ = {
			isa = PBXGroup;
			children = (
				BB99B22924CF0AA4007346A4 /* PPGAnalyzer.swift */,
				BB14EE5428AE875300B2A14D /* Mock Data */,
			);
			path = PPG;
			sourceTree = "<group>";
		};
		BBD7415F2857787F00857B78 /* Mock Data */ = {
			isa = PBXGroup;
			children = (
				BBCDE501281CAC31001B67E7 /* MockEEGData.swift */,
				BB4228792E85471A001E6DB9 /* Tension */,
				BB4228712E854670001E6DB9 /* Noise */,
				BB42285D2E8544C3001E6DB9 /* Focus */,
				BBEFB5092E854143005AEC3B /* Arousal */,
				BBEFB4FB2E853F5B005AEC3B /* Rest */,
			);
			path = "Mock Data";
			sourceTree = "<group>";
		};
		BBEFB4FB2E853F5B005AEC3B /* Rest */ = {
			isa = PBXGroup;
			children = (
				BBEFB5012E85407E005AEC3B /* MockEEGHoldingBreathData.swift */,
				BBEFB4FC2E853F75005AEC3B /* MockEEGClearMindData.swift */,
				BBEFB5052E8540B7005AEC3B /* MocEEGEyesClosedData.swift */,
				BB65FEEC283EC93400C4F4D8 /* MockEEGMeditationData.swift */,
				BBCDE4FB281C9DF5001B67E7 /* MockEEGTiredData.swift */,
				BBEFB4E62E8344BA005AEC3B /* MockEEGFallingAsleepData.swift */,
				BBEFB4E22E83406B005AEC3B /* MockEEGSleepingData.swift */,
			);
			path = Rest;
			sourceTree = "<group>";
		};
		BBEFB4FE2E853FC7005AEC3B /* Rest */ = {
			isa = PBXGroup;
			children = (
				BBEFB5032E85409A005AEC3B /* MockPPGHoldingBreathData.swift */,
				BBEFB4FF2E853FCF005AEC3B /* MockPPGClearMindData.swift */,
				BBEFB5072E8540C4005AEC3B /* MockPPGEyesClosedData.swift */,
				BB65FEEA283EC8EC00C4F4D8 /* MockPPGMeditationData.swift */,
				BBCDE4FD281CA48F001B67E7 /* MockPPGTiredData.swift */,
				BBEFB4E82E8344FA005AEC3B /* MockPPGFallingAsleepData.swift */,
				BBEFB4E42E834134005AEC3B /* MockPPGSleepingData.swift */,
			);
			path = Rest;
			sourceTree = "<group>";
		};
		BBEFB5092E854143005AEC3B /* Arousal */ = {
			isa = PBXGroup;
			children = (
				BB9FEF4526371290004F48B6 /* MockEEGStressData.swift */,
				BBD741602857789500857B78 /* MockEEGGammaBurstsData.swift */,
				BBEFB50B2E854167005AEC3B /* MockEEGArousalData.swift */,
				BBEFB5112E85428C005AEC3B /* MockEEGCoffeeData.swift */,
			);
			path = Arousal;
			sourceTree = "<group>";
		};
		BBEFB50A2E85414A005AEC3B /* Arousal */ = {
			isa = PBXGroup;
			children = (
				BB4DB0E22783A48C009E6BFF /* MockPPGStressData.swift */,
				BBEFB50D2E854177005AEC3B /* MockPPGArousalData.swift */,
				BBEFB50F2E8541BF005AEC3B /* MockPPGCoffeeData.swift */,
			);
			path = Arousal;
			sourceTree = "<group>";
		};
/* End PBXGroup section */

/* Begin PBXHeadersBuildPhase section */
		BB57F8832496B01B003DB78A /* Headers */ = {
			isa = PBXHeadersBuildPhase;
			files = (
				BB57F88D2496B01C003DB78A /* XvMuse.h in Headers */,
			);
		};
/* End PBXHeadersBuildPhase section */

/* Begin PBXNativeTarget section */
		BB57F8872496B01B003DB78A /* XvMuse */ = {
			isa = PBXNativeTarget;
			buildConfigurationList = BB57F8902496B01C003DB78A /* Build configuration list for PBXNativeTarget "XvMuse" */;
			buildPhases = (
				BB57F8832496B01B003DB78A /* Headers */,
				BB57F8842496B01B003DB78A /* Sources */,
				BB57F8852496B01B003DB78A /* Frameworks */,
				BB57F8862496B01B003DB78A /* Resources */,
			);
			buildRules = (
			);
			name = XvMuse;
			productName = XvMuse;
			productReference = BB57F8882496B01B003DB78A /* XvMuse.framework */;
			productType = "com.apple.product-type.framework";
		};
/* End PBXNativeTarget section */

/* Begin PBXProject section */
		BB57F87F2496B01B003DB78A /* Project object */ = {
			isa = PBXProject;
			attributes = {
				BuildIndependentTargetsInParallel = YES;
				LastUpgradeCheck = 2600;
				ORGANIZATIONNAME = "Jason Snell";
				TargetAttributes = {
					BB57F8872496B01B003DB78A = {
						CreatedOnToolsVersion = 11.5;
						LastSwiftMigration = 1150;
					};
				};
			};
			buildConfigurationList = BB57F8822496B01B003DB78A /* Build configuration list for PBXProject "XvMuse" */;
			developmentRegion = en;
			hasScannedForEncodings = 0;
			knownRegions = (
				en,
				Base,
			);
			mainGroup = BB57F87E2496B01B003DB78A;
			preferredProjectObjectVersion = 90;
			productRefGroup = BB57F8892496B01B003DB78A /* Products */;
			projectDirPath = "";
			projectRoot = "";
			targets = (
				BB57F8872496B01B003DB78A /* XvMuse */,
			);
		};
/* End PBXProject section */

/* Begin PBXResourcesBuildPhase section */
		BB57F8862496B01B003DB78A /* Resources */ = {
			isa = PBXResourcesBuildPhase;
			files = (
			);
		};
/* End PBXResourcesBuildPhase section */

/* Begin PBXSourcesBuildPhase section */
		BB57F8842496B01B003DB78A /* Sources */ = {
			isa = PBXSourcesBuildPhase;
			files = (
				BB57F8962496B05F003DB78A /* XvMuse.swift in Sources */,
				BB4228612E854501001E6DB9 /* MockPPGReadingNewsData.swift in Sources */,
				BBCDE4FE281CA48F001B67E7 /* MockPPGTiredData.swift in Sources */,
				BB8B857324B0EDF000376FD4 /* Buffer.swift in Sources */,
				BB42285C2E8544BB001E6DB9 /* MockEEGCodingData.swift in Sources */,
				BB7741E224CA1F27004B8AE5 /* JSON.swift in Sources */,
				BB7741EB24CA2087004B8AE5 /* BluetoothUtils.swift in Sources */,
				BBEFB4E52E834139005AEC3B /* MockPPGSleepingData.swift in Sources */,
				BBEFB5002E853FD5005AEC3B /* MockPPGClearMindData.swift in Sources */,
				BBEFB50C2E85416C005AEC3B /* MockEEGArousalData.swift in Sources */,
				BB7741E924CA2066004B8AE5 /* BluetoothListener.swift in Sources */,
				BB43B3FB24CCFA5600E6D3D3 /* MusePPG.swift in Sources */,
				BB4228822E854825001E6DB9 /* MockEEGJawData.swift in Sources */,
				BB8B857B24B12CFF00376FD4 /* FrequencyManager.swift in Sources */,
				BB8B857724B100E400376FD4 /* FFT.swift in Sources */,
				BB4DB0E32783A48C009E6BFF /* MockPPGStressData.swift in Sources */,
				BB8B856D24B0E81700376FD4 /* FFTManager.swift in Sources */,
				BB65FEE7283E7FEE00C4F4D8 /* MockPPGNoiseData.swift in Sources */,
				BB7741E024CA1CF3004B8AE5 /* Number.swift in Sources */,
				BB7741E724CA202B004B8AE5 /* BluetoothConstants.swift in Sources */,
				BBA6C01A24CDF29700966159 /* DCT.swift in Sources */,
				BB57F8A12496B268003DB78A /* MuseConstants.swift in Sources */,
				BB42286E2E854647001E6DB9 /* MockEEGSocialMediaData.swift in Sources */,
				BBEFB4E72E8344C7005AEC3B /* MockEEGFallingAsleepData.swift in Sources */,
				BBEFB5022E854085005AEC3B /* MockEEGHoldingBreathData.swift in Sources */,
				BBEFB5102E8541C4005AEC3B /* MockPPGCoffeeData.swift in Sources */,
				BB0962FC24B287F600D516D5 /* MuseEEGSensor.swift in Sources */,
				BB65FEE9283E80A400C4F4D8 /* MockEEGNoiseData.swift in Sources */,
				BB8B857924B118E200376FD4 /* MuseEEG.swift in Sources */,
				BB4228702E854657001E6DB9 /* MockPPGSocialMediaData.swift in Sources */,
				BBCDE500281CA8A4001B67E7 /* MockPPGData.swift in Sources */,
				BB9FEF4626371290004F48B6 /* MockEEGStressData.swift in Sources */,
				BBEFB4E92E834502005AEC3B /* MockPPGFallingAsleepData.swift in Sources */,
				BB43B3FD24CCFA8E00E6D3D3 /* MusePPGSensor.swift in Sources */,
				BB65FEEB283EC8EC00C4F4D8 /* MockPPGMeditationData.swift in Sources */,
				BBD741612857789500857B78 /* MockEEGGammaBurstsData.swift in Sources */,
				BB8B857524B0F98200376FD4 /* EpochGenerator.swift in Sources */,
				BB65FEED283EC93400C4F4D8 /* MockEEGMeditationData.swift in Sources */,
				BB4228842E854831001E6DB9 /* MockPPGJawData.swift in Sources */,
				BBCDE502281CAC31001B67E7 /* MockEEGData.swift in Sources */,
				BB553BA6253A56F7009E1278 /* SignalProcessor.swift in Sources */,
				BB42287B2E85472A001E6DB9 /* MockPPGBlinksData.swift in Sources */,
				BB4228652E854557001E6DB9 /* MockEEGRestingFocusData.swift in Sources */,
				BB99B22A24CF0AA4007346A4 /* PPGAnalyzer.swift in Sources */,
				BB4228802E8547E2001E6DB9 /* MockPPGForeheadData.swift in Sources */,
				BB7741DE24CA1BCF004B8AE5 /* Bytes.swift in Sources */,
				BB4228742E85469C001E6DB9 /* MockEEGLooseFitData.swift in Sources */,
				BB42285F2E8544D0001E6DB9 /* MockPPGCodingData.swift in Sources */,
				BBEFB4FD2E853F7C005AEC3B /* MockEEGClearMindData.swift in Sources */,
				BB42287E2E8547CB001E6DB9 /* MockEEGForeheadData.swift in Sources */,
				BBEFB5122E854291005AEC3B /* MockEEGCoffeeData.swift in Sources */,
				BB4228632E854510001E6DB9 /* MockEEGReadingNewsData.swift in Sources */,
				BB419823253E1150003A7375 /* PeakDetector.swift in Sources */,
				BB7741E424CA1FF0004B8AE5 /* XvBluetooth.swift in Sources */,
				BB4228682E85457D001E6DB9 /* MockPPGRestingFocusData.swift in Sources */,
				BB4228782E854713001E6DB9 /* MockEEGBlinksData.swift in Sources */,
				BB42286A2E8545EA001E6DB9 /* MockEEGTypingEmailData.swift in Sources */,
				BBEFB5082E8540CA005AEC3B /* MockPPGEyesClosedData.swift in Sources */,
				BB1E24B824AE921A00DEBD9E /* MuseBluetooth.swift in Sources */,
				BBEFB5062E8540BD005AEC3B /* MocEEGEyesClosedData.swift in Sources */,
				BBEFB4E32E834077005AEC3B /* MockEEGSleepingData.swift in Sources */,
				BB4228762E8546B1001E6DB9 /* MockPPGLooseFitData.swift in Sources */,
				BBCDE4FC281C9DF5001B67E7 /* MockEEGTiredData.swift in Sources */,
				BBEFB50E2E85417C005AEC3B /* MockPPGArousalData.swift in Sources */,
				BB42286C2E8545FC001E6DB9 /* MockPPGTypingEmailData.swift in Sources */,
				BBAA8F0B2499086600DE3691 /* Parser.swift in Sources */,
				BBEFB5042E8540A1005AEC3B /* MockPPGHoldingBreathData.swift in Sources */,
			);
		};
/* End PBXSourcesBuildPhase section */

/* Begin XCBuildConfiguration section */
		BB57F88E2496B01C003DB78A /* Debug configuration for PBXProject "XvMuse" */ = {
			isa = XCBuildConfiguration;
			buildSettings = {
				ALWAYS_SEARCH_USER_PATHS = NO;
				CLANG_ANALYZER_NONNULL = YES;
				CLANG_ANALYZER_NUMBER_OBJECT_CONVERSION = YES_AGGRESSIVE;
				CLANG_CXX_LANGUAGE_STANDARD = "gnu++14";
				CLANG_CXX_LIBRARY = "libc++";
				CLANG_ENABLE_MODULES = YES;
				CLANG_ENABLE_OBJC_ARC = YES;
				CLANG_ENABLE_OBJC_WEAK = YES;
				CLANG_WARN_BLOCK_CAPTURE_AUTORELEASING = YES;
				CLANG_WARN_BOOL_CONVERSION = YES;
				CLANG_WARN_COMMA = YES;
				CLANG_WARN_CONSTANT_CONVERSION = YES;
				CLANG_WARN_DEPRECATED_OBJC_IMPLEMENTATIONS = YES;
				CLANG_WARN_DIRECT_OBJC_ISA_USAGE = YES_ERROR;
				CLANG_WARN_DOCUMENTATION_COMMENTS = YES;
				CLANG_WARN_EMPTY_BODY = YES;
				CLANG_WARN_ENUM_CONVERSION = YES;
				CLANG_WARN_INFINITE_RECURSION = YES;
				CLANG_WARN_INT_CONVERSION = YES;
				CLANG_WARN_NON_LITERAL_NULL_CONVERSION = YES;
				CLANG_WARN_OBJC_IMPLICIT_RETAIN_SELF = YES;
				CLANG_WARN_OBJC_LITERAL_CONVERSION = YES;
				CLANG_WARN_OBJC_ROOT_CLASS = YES_ERROR;
				CLANG_WARN_QUOTED_INCLUDE_IN_FRAMEWORK_HEADER = YES;
				CLANG_WARN_RANGE_LOOP_ANALYSIS = YES;
				CLANG_WARN_STRICT_PROTOTYPES = YES;
				CLANG_WARN_SUSPICIOUS_MOVE = YES;
				CLANG_WARN_UNGUARDED_AVAILABILITY = YES_AGGRESSIVE;
				CLANG_WARN_UNREACHABLE_CODE = YES;
				CLANG_WARN__DUPLICATE_METHOD_MATCH = YES;
				COPY_PHASE_STRIP = NO;
				CURRENT_PROJECT_VERSION = 1;
				DEBUG_INFORMATION_FORMAT = dwarf;
				DEVELOPMENT_TEAM = LN2HJCURK9;
				ENABLE_STRICT_OBJC_MSGSEND = YES;
				ENABLE_TESTABILITY = YES;
				ENABLE_USER_SCRIPT_SANDBOXING = YES;
				GCC_C_LANGUAGE_STANDARD = gnu11;
				GCC_DYNAMIC_NO_PIC = NO;
				GCC_NO_COMMON_BLOCKS = YES;
				GCC_OPTIMIZATION_LEVEL = 0;
				GCC_PREPROCESSOR_DEFINITIONS = (
					"DEBUG=1",
					"$(inherited)",
				);
				GCC_WARN_64_TO_32_BIT_CONVERSION = YES;
				GCC_WARN_ABOUT_RETURN_TYPE = YES_ERROR;
				GCC_WARN_UNDECLARED_SELECTOR = YES;
				GCC_WARN_UNINITIALIZED_AUTOS = YES_AGGRESSIVE;
				GCC_WARN_UNUSED_FUNCTION = YES;
				GCC_WARN_UNUSED_VARIABLE = YES;
				IPHONEOS_DEPLOYMENT_TARGET = 16.6;
				MTL_ENABLE_DEBUG_INFO = INCLUDE_SOURCE;
				MTL_FAST_MATH = YES;
				ONLY_ACTIVE_ARCH = YES;
				SDKROOT = iphoneos;
				STRING_CATALOG_GENERATE_SYMBOLS = YES;
				SWIFT_ACTIVE_COMPILATION_CONDITIONS = DEBUG;
				SWIFT_OPTIMIZATION_LEVEL = "-Onone";
				VERSIONING_SYSTEM = "apple-generic";
				VERSION_INFO_PREFIX = "";
			};
			name = Debug;
		};
		BB57F88F2496B01C003DB78A /* Release configuration for PBXProject "XvMuse" */ = {
			isa = XCBuildConfiguration;
			buildSettings = {
				ALWAYS_SEARCH_USER_PATHS = NO;
				CLANG_ANALYZER_NONNULL = YES;
				CLANG_ANALYZER_NUMBER_OBJECT_CONVERSION = YES_AGGRESSIVE;
				CLANG_CXX_LANGUAGE_STANDARD = "gnu++14";
				CLANG_CXX_LIBRARY = "libc++";
				CLANG_ENABLE_MODULES = YES;
				CLANG_ENABLE_OBJC_ARC = YES;
				CLANG_ENABLE_OBJC_WEAK = YES;
				CLANG_WARN_BLOCK_CAPTURE_AUTORELEASING = YES;
				CLANG_WARN_BOOL_CONVERSION = YES;
				CLANG_WARN_COMMA = YES;
				CLANG_WARN_CONSTANT_CONVERSION = YES;
				CLANG_WARN_DEPRECATED_OBJC_IMPLEMENTATIONS = YES;
				CLANG_WARN_DIRECT_OBJC_ISA_USAGE = YES_ERROR;
				CLANG_WARN_DOCUMENTATION_COMMENTS = YES;
				CLANG_WARN_EMPTY_BODY = YES;
				CLANG_WARN_ENUM_CONVERSION = YES;
				CLANG_WARN_INFINITE_RECURSION = YES;
				CLANG_WARN_INT_CONVERSION = YES;
				CLANG_WARN_NON_LITERAL_NULL_CONVERSION = YES;
				CLANG_WARN_OBJC_IMPLICIT_RETAIN_SELF = YES;
				CLANG_WARN_OBJC_LITERAL_CONVERSION = YES;
				CLANG_WARN_OBJC_ROOT_CLASS = YES_ERROR;
				CLANG_WARN_QUOTED_INCLUDE_IN_FRAMEWORK_HEADER = YES;
				CLANG_WARN_RANGE_LOOP_ANALYSIS = YES;
				CLANG_WARN_STRICT_PROTOTYPES = YES;
				CLANG_WARN_SUSPICIOUS_MOVE = YES;
				CLANG_WARN_UNGUARDED_AVAILABILITY = YES_AGGRESSIVE;
				CLANG_WARN_UNREACHABLE_CODE = YES;
				CLANG_WARN__DUPLICATE_METHOD_MATCH = YES;
				COPY_PHASE_STRIP = NO;
				CURRENT_PROJECT_VERSION = 1;
				DEBUG_INFORMATION_FORMAT = "dwarf-with-dsym";
				DEVELOPMENT_TEAM = LN2HJCURK9;
				ENABLE_NS_ASSERTIONS = NO;
				ENABLE_STRICT_OBJC_MSGSEND = YES;
				ENABLE_USER_SCRIPT_SANDBOXING = YES;
				GCC_C_LANGUAGE_STANDARD = gnu11;
				GCC_NO_COMMON_BLOCKS = YES;
				GCC_WARN_64_TO_32_BIT_CONVERSION = YES;
				GCC_WARN_ABOUT_RETURN_TYPE = YES_ERROR;
				GCC_WARN_UNDECLARED_SELECTOR = YES;
				GCC_WARN_UNINITIALIZED_AUTOS = YES_AGGRESSIVE;
				GCC_WARN_UNUSED_FUNCTION = YES;
				GCC_WARN_UNUSED_VARIABLE = YES;
				IPHONEOS_DEPLOYMENT_TARGET = 16.6;
				MTL_ENABLE_DEBUG_INFO = NO;
				MTL_FAST_MATH = YES;
				SDKROOT = iphoneos;
				STRING_CATALOG_GENERATE_SYMBOLS = YES;
				SWIFT_COMPILATION_MODE = wholemodule;
				SWIFT_OPTIMIZATION_LEVEL = "-O";
				VALIDATE_PRODUCT = YES;
				VERSIONING_SYSTEM = "apple-generic";
				VERSION_INFO_PREFIX = "";
			};
			name = Release;
		};
		BB57F8912496B01C003DB78A /* Debug configuration for PBXNativeTarget "XvMuse" */ = {
			isa = XCBuildConfiguration;
			buildSettings = {
				CLANG_ENABLE_MODULES = YES;
				CODE_SIGN_IDENTITY = "";
				CODE_SIGN_STYLE = Automatic;
				DEFINES_MODULE = YES;
				DYLIB_COMPATIBILITY_VERSION = 1;
				DYLIB_CURRENT_VERSION = 1;
				DYLIB_INSTALL_NAME_BASE = "@rpath";
				ENABLE_MODULE_VERIFIER = YES;
				FRAMEWORK_SEARCH_PATHS = (
					"$(inherited)",
					"$(PROJECT_DIR)",
				);
				INFOPLIST_FILE = XvMuse/Private/Basics/Info.plist;
				INSTALL_PATH = "$(LOCAL_LIBRARY_DIR)/Frameworks";
				IPHONEOS_DEPLOYMENT_TARGET = 16.6;
				LD_RUNPATH_SEARCH_PATHS = (
					"$(inherited)",
					"@executable_path/Frameworks",
					"@loader_path/Frameworks",
				);
				MODULE_VERIFIER_SUPPORTED_LANGUAGE_STANDARDS = "gnu11 gnu++14";
				PRODUCT_BUNDLE_IDENTIFIER = com.jasonjsnell.XvMuse;
				PRODUCT_NAME = "$(TARGET_NAME:c99extidentifier)";
				SKIP_INSTALL = YES;
				SUPPORTED_PLATFORMS = "iphoneos iphonesimulator";
				SUPPORTS_MACCATALYST = YES;
				SUPPORTS_XR_DESIGNED_FOR_IPHONE_IPAD = NO;
				SWIFT_OPTIMIZATION_LEVEL = "-Onone";
				SWIFT_VERSION = 5.0;
				TARGETED_DEVICE_FAMILY = "1,2";
			};
			name = Debug;
		};
		BB57F8922496B01C003DB78A /* Release configuration for PBXNativeTarget "XvMuse" */ = {
			isa = XCBuildConfiguration;
			buildSettings = {
				CLANG_ENABLE_MODULES = YES;
				CODE_SIGN_IDENTITY = "";
				CODE_SIGN_STYLE = Automatic;
				DEFINES_MODULE = YES;
				DYLIB_COMPATIBILITY_VERSION = 1;
				DYLIB_CURRENT_VERSION = 1;
				DYLIB_INSTALL_NAME_BASE = "@rpath";
				ENABLE_MODULE_VERIFIER = YES;
				FRAMEWORK_SEARCH_PATHS = (
					"$(inherited)",
					"$(PROJECT_DIR)",
				);
				INFOPLIST_FILE = XvMuse/Private/Basics/Info.plist;
				INSTALL_PATH = "$(LOCAL_LIBRARY_DIR)/Frameworks";
				IPHONEOS_DEPLOYMENT_TARGET = 16.6;
				LD_RUNPATH_SEARCH_PATHS = (
					"$(inherited)",
					"@executable_path/Frameworks",
					"@loader_path/Frameworks",
				);
				MODULE_VERIFIER_SUPPORTED_LANGUAGE_STANDARDS = "gnu11 gnu++14";
				PRODUCT_BUNDLE_IDENTIFIER = com.jasonjsnell.XvMuse;
				PRODUCT_NAME = "$(TARGET_NAME:c99extidentifier)";
				SKIP_INSTALL = YES;
				SUPPORTED_PLATFORMS = "iphoneos iphonesimulator";
				SUPPORTS_MACCATALYST = YES;
				SUPPORTS_XR_DESIGNED_FOR_IPHONE_IPAD = NO;
				SWIFT_VERSION = 5.0;
				TARGETED_DEVICE_FAMILY = "1,2";
			};
			name = Release;
		};
/* End XCBuildConfiguration section */

/* Begin XCConfigurationList section */
		BB57F8822496B01B003DB78A /* Build configuration list for PBXProject "XvMuse" */ = {
			isa = XCConfigurationList;
			buildConfigurations = (
				BB57F88E2496B01C003DB78A /* Debug configuration for PBXProject "XvMuse" */,
				BB57F88F2496B01C003DB78A /* Release configuration for PBXProject "XvMuse" */,
			);
			defaultConfigurationName = Release;
		};
		BB57F8902496B01C003DB78A /* Build configuration list for PBXNativeTarget "XvMuse" */ = {
			isa = XCConfigurationList;
			buildConfigurations = (
				BB57F8912496B01C003DB78A /* Debug configuration for PBXNativeTarget "XvMuse" */,
				BB57F8922496B01C003DB78A /* Release configuration for PBXNativeTarget "XvMuse" */,
			);
			defaultConfigurationName = Release;
		};
/* End XCConfigurationList section */
	};
	rootObject = BB57F87F2496B01B003DB78A /* Project object */;
}
